
Microsoft Visual Studio Solution File, Format Version 11.00
# Visual C++ Express 2010
Project("{8BC9CEB8-8B4A-11D0-8D11-00A0C91BC942}") = "Table", "Table\Table.vcxproj", "{4BF1DA78-4AC7-4F37-9C67-4FC2057C7B2F}"
EndProject
Global
	GlobalSection(SolutionConfigurationPlatforms) = preSolution
		Debug|Win32 = Debug|Win32
		Release|Win32 = Release|Win32
	EndGlobalSection
	GlobalSection(ProjectConfigurationPlatforms) = postSolution
		{4BF1DA78-4AC7-4F37-9C67-4FC2057C7B2F}.Debug|Win32.ActiveCfg = Debug|Win32
		{4BF1DA78-4AC7-4F37-9C67-4FC2057C7B2F}.Debug|Win32.Build.0 = Debug|Win32
		{4BF1DA78-4AC7-4F37-9C67-4FC2057C7B2F}.Release|Win32.ActiveCfg = Release|Win32
		{4BF1DA78-4AC7-4F37-9C67-4FC2057C7B2F}.Release|Win32.Build.0 = Release|Win32
	EndGlobalSection
	GlobalSection(SolutionProperties) = preSolution
		HideSolutionNode = FALSE
	EndGlobalSection
EndGlobal
